// !$*UTF8*$!
{
	archiveVersion = 1;
	classes = {
	};
	objectVersion = 50;
	objects = {

/* Begin PBXBuildFile section */
		3FD5FA6127FC391C00CD6739 /* AppDelegate.swift in Sources */ = {isa = PBXBuildFile; fileRef = 3FD5FA6027FC391C00CD6739 /* AppDelegate.swift */; };
		3FD5FA6327FC391C00CD6739 /* SceneDelegate.swift in Sources */ = {isa = PBXBuildFile; fileRef = 3FD5FA6227FC391C00CD6739 /* SceneDelegate.swift */; };
		3FD5FA6527FC391C00CD6739 /* ViewController.swift in Sources */ = {isa = PBXBuildFile; fileRef = 3FD5FA6427FC391C00CD6739 /* ViewController.swift */; };
		3FD5FA6827FC391C00CD6739 /* Main.storyboard in Resources */ = {isa = PBXBuildFile; fileRef = 3FD5FA6627FC391C00CD6739 /* Main.storyboard */; };
		3FD5FA6A27FC394600CD6739 /* Assets.xcassets in Resources */ = {isa = PBXBuildFile; fileRef = 3FD5FA6927FC394600CD6739 /* Assets.xcassets */; };
		3FD5FA6D27FC394600CD6739 /* LaunchScreen.storyboard in Resources */ = {isa = PBXBuildFile; fileRef = 3FD5FA6B27FC394600CD6739 /* LaunchScreen.storyboard */; };
		3FD5FA7827FC394B00CD6739 /* MYDatabaseTests.swift in Sources */ = {isa = PBXBuildFile; fileRef = 3FD5FA7727FC394B00CD6739 /* MYDatabaseTests.swift */; };
		3FD5FA8327FC394B00CD6739 /* MYDatabaseUITests.swift in Sources */ = {isa = PBXBuildFile; fileRef = 3FD5FA8227FC394B00CD6739 /* MYDatabaseUITests.swift */; };
/* End PBXBuildFile section */

/* Begin PBXContainerItemProxy section */
		3FD5FA7427FC394B00CD6739 /* PBXContainerItemProxy */ = {
			isa = PBXContainerItemProxy;
			containerPortal = 3FD5FA5527FC391B00CD6739 /* Project object */;
			proxyType = 1;
			remoteGlobalIDString = 3FD5FA5C27FC391B00CD6739;
			remoteInfo = MYDatabase;
		};
		3FD5FA7F27FC394B00CD6739 /* PBXContainerItemProxy */ = {
			isa = PBXContainerItemProxy;
			containerPortal = 3FD5FA5527FC391B00CD6739 /* Project object */;
			proxyType = 1;
			remoteGlobalIDString = 3FD5FA5C27FC391B00CD6739;
			remoteInfo = MYDatabase;
		};
/* End PBXContainerItemProxy section */

/* Begin PBXFileReference section */
		3FD5FA5D27FC391C00CD6739 /* MYDatabase.app */ = {isa = PBXFileReference; explicitFileType = wrapper.application; includeInIndex = 0; path = MYDatabase.app; sourceTree = BUILT_PRODUCTS_DIR; };
		3FD5FA6027FC391C00CD6739 /* AppDelegate.swift */ = {isa = PBXFileReference; lastKnownFileType = sourcecode.swift; path = AppDelegate.swift; sourceTree = "<group>"; };
		3FD5FA6227FC391C00CD6739 /* SceneDelegate.swift */ = {isa = PBXFileReference; lastKnownFileType = sourcecode.swift; path = SceneDelegate.swift; sourceTree = "<group>"; };
		3FD5FA6427FC391C00CD6739 /* ViewController.swift */ = {isa = PBXFileReference; lastKnownFileType = sourcecode.swift; path = ViewController.swift; sourceTree = "<group>"; };
		3FD5FA6727FC391C00CD6739 /* Base */ = {isa = PBXFileReference; lastKnownFileType = file.storyboard; name = Base; path = Base.lproj/Main.storyboard; sourceTree = "<group>"; };
		3FD5FA6927FC394600CD6739 /* Assets.xcassets */ = {isa = PBXFileReference; lastKnownFileType = folder.assetcatalog; path = Assets.xcassets; sourceTree = "<group>"; };
		3FD5FA6C27FC394600CD6739 /* Base */ = {isa = PBXFileReference; lastKnownFileType = file.storyboard; name = Base; path = Base.lproj/LaunchScreen.storyboard; sourceTree = "<group>"; };
		3FD5FA6E27FC394600CD6739 /* Info.plist */ = {isa = PBXFileReference; lastKnownFileType = text.plist.xml; path = Info.plist; sourceTree = "<group>"; };
		3FD5FA7327FC394B00CD6739 /* MYDatabaseTests.xctest */ = {isa = PBXFileReference; explicitFileType = wrapper.cfbundle; includeInIndex = 0; path = MYDatabaseTests.xctest; sourceTree = BUILT_PRODUCTS_DIR; };
		3FD5FA7727FC394B00CD6739 /* MYDatabaseTests.swift */ = {isa = PBXFileReference; lastKnownFileType = sourcecode.swift; path = MYDatabaseTests.swift; sourceTree = "<group>"; };
		3FD5FA7927FC394B00CD6739 /* Info.plist */ = {isa = PBXFileReference; lastKnownFileType = text.plist.xml; path = Info.plist; sourceTree = "<group>"; };
		3FD5FA7E27FC394B00CD6739 /* MYDatabaseUITests.xctest */ = {isa = PBXFileReference; explicitFileType = wrapper.cfbundle; includeInIndex = 0; path = MYDatabaseUITests.xctest; sourceTree = BUILT_PRODUCTS_DIR; };
		3FD5FA8227FC394B00CD6739 /* MYDatabaseUITests.swift */ = {isa = PBXFileReference; lastKnownFileType = sourcecode.swift; path = MYDatabaseUITests.swift; sourceTree = "<group>"; };
		3FD5FA8427FC394B00CD6739 /* Info.plist */ = {isa = PBXFileReference; lastKnownFileType = text.plist.xml; path = Info.plist; sourceTree = "<group>"; };
/* End PBXFileReference section */

/* Begin PBXFrameworksBuildPhase section */
		3FD5FA5A27FC391B00CD6739 /* Frameworks */ = {
			isa = PBXFrameworksBuildPhase;
			buildActionMask = 2147483647;
			files = (
			);
			runOnlyForDeploymentPostprocessing = 0;
		};
		3FD5FA7027FC394B00CD6739 /* Frameworks */ = {
			isa = PBXFrameworksBuildPhase;
			buildActionMask = 2147483647;
			files = (
			);
			runOnlyForDeploymentPostprocessing = 0;
		};
		3FD5FA7B27FC394B00CD6739 /* Frameworks */ = {
			isa = PBXFrameworksBuildPhase;
			buildActionMask = 2147483647;
			files = (
			);
			runOnlyForDeploymentPostprocessing = 0;
		};
/* End PBXFrameworksBuildPhase section */

/* Begin PBXGroup section */
		3FD5FA5427FC391B00CD6739 = {
			isa = PBXGroup;
			children = (
				3FD5FA5F27FC391C00CD6739 /* MYDatabase */,
				3FD5FA7627FC394B00CD6739 /* MYDatabaseTests */,
				3FD5FA8127FC394B00CD6739 /* MYDatabaseUITests */,
				3FD5FA5E27FC391C00CD6739 /* Products */,
			);
			sourceTree = "<group>";
		};
		3FD5FA5E27FC391C00CD6739 /* Products */ = {
			isa = PBXGroup;
			children = (
				3FD5FA5D27FC391C00CD6739 /* MYDatabase.app */,
				3FD5FA7327FC394B00CD6739 /* MYDatabaseTests.xctest */,
				3FD5FA7E27FC394B00CD6739 /* MYDatabaseUITests.xctest */,
			);
			name = Products;
			sourceTree = "<group>";
		};
		3FD5FA5F27FC391C00CD6739 /* MYDatabase */ = {
			isa = PBXGroup;
			children = (
				3FD5FA6027FC391C00CD6739 /* AppDelegate.swift */,
				3FD5FA6227FC391C00CD6739 /* SceneDelegate.swift */,
				3FD5FA6427FC391C00CD6739 /* ViewController.swift */,
				3FD5FA6627FC391C00CD6739 /* Main.storyboard */,
				3FD5FA6927FC394600CD6739 /* Assets.xcassets */,
				3FD5FA6B27FC394600CD6739 /* LaunchScreen.storyboard */,
				3FD5FA6E27FC394600CD6739 /* Info.plist */,
			);
			path = MYDatabase;
			sourceTree = "<group>";
		};
		3FD5FA7627FC394B00CD6739 /* MYDatabaseTests */ = {
			isa = PBXGroup;
			children = (
				3FD5FA7727FC394B00CD6739 /* MYDatabaseTests.swift */,
				3FD5FA7927FC394B00CD6739 /* Info.plist */,
			);
			path = MYDatabaseTests;
			sourceTree = "<group>";
		};
		3FD5FA8127FC394B00CD6739 /* MYDatabaseUITests */ = {
			isa = PBXGroup;
			children = (
				3FD5FA8227FC394B00CD6739 /* MYDatabaseUITests.swift */,
				3FD5FA8427FC394B00CD6739 /* Info.plist */,
			);
			path = MYDatabaseUITests;
			sourceTree = "<group>";
		};
/* End PBXGroup section */

/* Begin PBXNativeTarget section */
		3FD5FA5C27FC391B00CD6739 /* MYDatabase */ = {
			isa = PBXNativeTarget;
			buildConfigurationList = 3FD5FA8727FC394B00CD6739 /* Build configuration list for PBXNativeTarget "MYDatabase" */;
			buildPhases = (
				3FD5FA5927FC391B00CD6739 /* Sources */,
				3FD5FA5A27FC391B00CD6739 /* Frameworks */,
				3FD5FA5B27FC391B00CD6739 /* Resources */,
			);
			buildRules = (
			);
			dependencies = (
			);
			name = MYDatabase;
			productName = MYDatabase;
			productReference = 3FD5FA5D27FC391C00CD6739 /* MYDatabase.app */;
			productType = "com.apple.product-type.application";
		};
		3FD5FA7227FC394B00CD6739 /* MYDatabaseTests */ = {
			isa = PBXNativeTarget;
			buildConfigurationList = 3FD5FA8A27FC394B00CD6739 /* Build configuration list for PBXNativeTarget "MYDatabaseTests" */;
			buildPhases = (
				3FD5FA6F27FC394B00CD6739 /* Sources */,
				3FD5FA7027FC394B00CD6739 /* Frameworks */,
				3FD5FA7127FC394B00CD6739 /* Resources */,
			);
			buildRules = (
			);
			dependencies = (
				3FD5FA7527FC394B00CD6739 /* PBXTargetDependency */,
			);
			name = MYDatabaseTests;
			productName = MYDatabaseTests;
			productReference = 3FD5FA7327FC394B00CD6739 /* MYDatabaseTests.xctest */;
			productType = "com.apple.product-type.bundle.unit-test";
		};
		3FD5FA7D27FC394B00CD6739 /* MYDatabaseUITests */ = {
			isa = PBXNativeTarget;
			buildConfigurationList = 3FD5FA8D27FC394B00CD6739 /* Build configuration list for PBXNativeTarget "MYDatabaseUITests" */;
			buildPhases = (
				3FD5FA7A27FC394B00CD6739 /* Sources */,
				3FD5FA7B27FC394B00CD6739 /* Frameworks */,
				3FD5FA7C27FC394B00CD6739 /* Resources */,
			);
			buildRules = (
			);
			dependencies = (
				3FD5FA8027FC394B00CD6739 /* PBXTargetDependency */,
			);
			name = MYDatabaseUITests;
			productName = MYDatabaseUITests;
			productReference = 3FD5FA7E27FC394B00CD6739 /* MYDatabaseUITests.xctest */;
			productType = "com.apple.product-type.bundle.ui-testing";
		};
/* End PBXNativeTarget section */

/* Begin PBXProject section */
		3FD5FA5527FC391B00CD6739 /* Project object */ = {
			isa = PBXProject;
			attributes = {
				LastSwiftUpdateCheck = 1230;
				LastUpgradeCheck = 1230;
				TargetAttributes = {
					3FD5FA5C27FC391B00CD6739 = {
						CreatedOnToolsVersion = 12.3;
					};
					3FD5FA7227FC394B00CD6739 = {
						CreatedOnToolsVersion = 12.3;
						TestTargetID = 3FD5FA5C27FC391B00CD6739;
					};
					3FD5FA7D27FC394B00CD6739 = {
						CreatedOnToolsVersion = 12.3;
						TestTargetID = 3FD5FA5C27FC391B00CD6739;
					};
				};
			};
			buildConfigurationList = 3FD5FA5827FC391B00CD6739 /* Build configuration list for PBXProject "MYDatabase" */;
			compatibilityVersion = "Xcode 9.3";
			developmentRegion = en;
			hasScannedForEncodings = 0;
			knownRegions = (
				en,
				Base,
			);
			mainGroup = 3FD5FA5427FC391B00CD6739;
			productRefGroup = 3FD5FA5E27FC391C00CD6739 /* Products */;
			projectDirPath = "";
			projectRoot = "";
			targets = (
				3FD5FA5C27FC391B00CD6739 /* MYDatabase */,
				3FD5FA7227FC394B00CD6739 /* MYDatabaseTests */,
				3FD5FA7D27FC394B00CD6739 /* MYDatabaseUITests */,
			);
		};
/* End PBXProject section */

/* Begin PBXResourcesBuildPhase section */
		3FD5FA5B27FC391B00CD6739 /* Resources */ = {
			isa = PBXResourcesBuildPhase;
			buildActionMask = 2147483647;
			files = (
				3FD5FA6D27FC394600CD6739 /* LaunchScreen.storyboard in Resources */,
				3FD5FA6A27FC394600CD6739 /* Assets.xcassets in Resources */,
				3FD5FA6827FC391C00CD6739 /* Main.storyboard in Resources */,
			);
			runOnlyForDeploymentPostprocessing = 0;
		};
		3FD5FA7127FC394B00CD6739 /* Resources */ = {
			isa = PBXResourcesBuildPhase;
			buildActionMask = 2147483647;
			files = (
			);
			runOnlyForDeploymentPostprocessing = 0;
		};
		3FD5FA7C27FC394B00CD6739 /* Resources */ = {
			isa = PBXResourcesBuildPhase;
			buildActionMask = 2147483647;
			files = (
			);
			runOnlyForDeploymentPostprocessing = 0;
		};
/* End PBXResourcesBuildPhase section */

/* Begin PBXSourcesBuildPhase section */
		3FD5FA5927FC391B00CD6739 /* Sources */ = {
			isa = PBXSourcesBuildPhase;
			buildActionMask = 2147483647;
			files = (
				3FD5FA6527FC391C00CD6739 /* ViewController.swift in Sources */,
				3FD5FA6127FC391C00CD6739 /* AppDelegate.swift in Sources */,
				3FD5FA6327FC391C00CD6739 /* SceneDelegate.swift in Sources */,
			);
			runOnlyForDeploymentPostprocessing = 0;
		};
		3FD5FA6F27FC394B00CD6739 /* Sources */ = {
			isa = PBXSourcesBuildPhase;
			buildActionMask = 2147483647;
			files = (
				3FD5FA7827FC394B00CD6739 /* MYDatabaseTests.swift in Sources */,
			);
			runOnlyForDeploymentPostprocessing = 0;
		};
		3FD5FA7A27FC394B00CD6739 /* Sources */ = {
			isa = PBXSourcesBuildPhase;
			buildActionMask = 2147483647;
			files = (
				3FD5FA8327FC394B00CD6739 /* MYDatabaseUITests.swift in Sources */,
			);
			runOnlyForDeploymentPostprocessing = 0;
		};
/* End PBXSourcesBuildPhase section */

/* Begin PBXTargetDependency section */
		3FD5FA7527FC394B00CD6739 /* PBXTargetDependency */ = {
			isa = PBXTargetDependency;
			target = 3FD5FA5C27FC391B00CD6739 /* MYDatabase */;
			targetProxy = 3FD5FA7427FC394B00CD6739 /* PBXContainerItemProxy */;
		};
		3FD5FA8027FC394B00CD6739 /* PBXTargetDependency */ = {
			isa = PBXTargetDependency;
			target = 3FD5FA5C27FC391B00CD6739 /* MYDatabase */;
			targetProxy = 3FD5FA7F27FC394B00CD6739 /* PBXContainerItemProxy */;
		};
/* End PBXTargetDependency section */

/* Begin PBXVariantGroup section */
		3FD5FA6627FC391C00CD6739 /* Main.storyboard */ = {
			isa = PBXVariantGroup;
			children = (
				3FD5FA6727FC391C00CD6739 /* Base */,
			);
			name = Main.storyboard;
			sourceTree = "<group>";
		};
		3FD5FA6B27FC394600CD6739 /* LaunchScreen.storyboard */ = {
			isa = PBXVariantGroup;
			children = (
				3FD5FA6C27FC394600CD6739 /* Base */,
			);
			name = LaunchScreen.storyboard;
			sourceTree = "<group>";
		};
/* End PBXVariantGroup section */

/* Begin XCBuildConfiguration section */
		3FD5FA8527FC394B00CD6739 /* Debug */ = {
			isa = XCBuildConfiguration;
			buildSettings = {
				ALWAYS_SEARCH_USER_PATHS = NO;
				CLANG_ANALYZER_NONNULL = YES;
				CLANG_ANALYZER_NUMBER_OBJECT_CONVERSION = YES_AGGRESSIVE;
				CLANG_CXX_LANGUAGE_STANDARD = "gnu++14";
				CLANG_CXX_LIBRARY = "libc++";
				CLANG_ENABLE_MODULES = YES;
				CLANG_ENABLE_OBJC_ARC = YES;
				CLANG_ENABLE_OBJC_WEAK = YES;
				CLANG_WARN_BLOCK_CAPTURE_AUTORELEASING = YES;
				CLANG_WARN_BOOL_CONVERSION = YES;
				CLANG_WARN_COMMA = YES;
				CLANG_WARN_CONSTANT_CONVERSION = YES;
				CLANG_WARN_DEPRECATED_OBJC_IMPLEMENTATIONS = YES;
				CLANG_WARN_DIRECT_OBJC_ISA_USAGE = YES_ERROR;
				CLANG_WARN_DOCUMENTATION_COMMENTS = YES;
				CLANG_WARN_EMPTY_BODY = YES;
				CLANG_WARN_ENUM_CONVERSION = YES;
				CLANG_WARN_INFINITE_RECURSION = YES;
				CLANG_WARN_INT_CONVERSION = YES;
				CLANG_WARN_NON_LITERAL_NULL_CONVERSION = YES;
				CLANG_WARN_OBJC_IMPLICIT_RETAIN_SELF = YES;
				CLANG_WARN_OBJC_LITERAL_CONVERSION = YES;
				CLANG_WARN_OBJC_ROOT_CLASS = YES_ERROR;
				CLANG_WARN_QUOTED_INCLUDE_IN_FRAMEWORK_HEADER = YES;
				CLANG_WARN_RANGE_LOOP_ANALYSIS = YES;
				CLANG_WARN_STRICT_PROTOTYPES = YES;
				CLANG_WARN_SUSPICIOUS_MOVE = YES;
				CLANG_WARN_UNGUARDED_AVAILABILITY = YES_AGGRESSIVE;
				CLANG_WARN_UNREACHABLE_CODE = YES;
				CLANG_WARN__DUPLICATE_METHOD_MATCH = YES;
				COPY_PHASE_STRIP = NO;
				DEBUG_INFORMATION_FORMAT = dwarf;
				ENABLE_STRICT_OBJC_MSGSEND = YES;
				ENABLE_TESTABILITY = YES;
				GCC_C_LANGUAGE_STANDARD = gnu11;
				GCC_DYNAMIC_NO_PIC = NO;
				GCC_NO_COMMON_BLOCKS = YES;
				GCC_OPTIMIZATION_LEVEL = 0;
				GCC_PREPROCESSOR_DEFINITIONS = (
					"DEBUG=1",
					"$(inherited)",
				);
				GCC_WARN_64_TO_32_BIT_CONVERSION = YES;
				GCC_WARN_ABOUT_RETURN_TYPE = YES_ERROR;
				GCC_WARN_UNDECLARED_SELECTOR = YES;
				GCC_WARN_UNINITIALIZED_AUTOS = YES_AGGRESSIVE;
				GCC_WARN_UNUSED_FUNCTION = YES;
				GCC_WARN_UNUSED_VARIABLE = YES;
				IPHONEOS_DEPLOYMENT_TARGET = 14.3;
				MTL_ENABLE_DEBUG_INFO = INCLUDE_SOURCE;
				MTL_FAST_MATH = YES;
				ONLY_ACTIVE_ARCH = YES;
				SDKROOT = iphoneos;
				SWIFT_ACTIVE_COMPILATION_CONDITIONS = DEBUG;
				SWIFT_OPTIMIZATION_LEVEL = "-Onone";
			};
			name = Debug;
		};
		3FD5FA8627FC394B00CD6739 /* Release */ = {
			isa = XCBuildConfiguration;
			buildSettings = {
				ALWAYS_SEARCH_USER_PATHS = NO;
				CLANG_ANALYZER_NONNULL = YES;
				CLANG_ANALYZER_NUMBER_OBJECT_CONVERSION = YES_AGGRESSIVE;
				CLANG_CXX_LANGUAGE_STANDARD = "gnu++14";
				CLANG_CXX_LIBRARY = "libc++";
				CLANG_ENABLE_MODULES = YES;
				CLANG_ENABLE_OBJC_ARC = YES;
				CLANG_ENABLE_OBJC_WEAK = YES;
				CLANG_WARN_BLOCK_CAPTURE_AUTORELEASING = YES;
				CLANG_WARN_BOOL_CONVERSION = YES;
				CLANG_WARN_COMMA = YES;
				CLANG_WARN_CONSTANT_CONVERSION = YES;
				CLANG_WARN_DEPRECATED_OBJC_IMPLEMENTATIONS = YES;
				CLANG_WARN_DIRECT_OBJC_ISA_USAGE = YES_ERROR;
				CLANG_WARN_DOCUMENTATION_COMMENTS = YES;
				CLANG_WARN_EMPTY_BODY = YES;
				CLANG_WARN_ENUM_CONVERSION = YES;
				CLANG_WARN_INFINITE_RECURSION = YES;
				CLANG_WARN_INT_CONVERSION = YES;
				CLANG_WARN_NON_LITERAL_NULL_CONVERSION = YES;
				CLANG_WARN_OBJC_IMPLICIT_RETAIN_SELF = YES;
				CLANG_WARN_OBJC_LITERAL_CONVERSION = YES;
				CLANG_WARN_OBJC_ROOT_CLASS = YES_ERROR;
				CLANG_WARN_QUOTED_INCLUDE_IN_FRAMEWORK_HEADER = YES;
				CLANG_WARN_RANGE_LOOP_ANALYSIS = YES;
				CLANG_WARN_STRICT_PROTOTYPES = YES;
				CLANG_WARN_SUSPICIOUS_MOVE = YES;
				CLANG_WARN_UNGUARDED_AVAILABILITY = YES_AGGRESSIVE;
				CLANG_WARN_UNREACHABLE_CODE = YES;
				CLANG_WARN__DUPLICATE_METHOD_MATCH = YES;
				COPY_PHASE_STRIP = NO;
				DEBUG_INFORMATION_FORMAT = "dwarf-with-dsym";
				ENABLE_NS_ASSERTIONS = NO;
				ENABLE_STRICT_OBJC_MSGSEND = YES;
				GCC_C_LANGUAGE_STANDARD = gnu11;
				GCC_NO_COMMON_BLOCKS = YES;
				GCC_WARN_64_TO_32_BIT_CONVERSION = YES;
				GCC_WARN_ABOUT_RETURN_TYPE = YES_ERROR;
				GCC_WARN_UNDECLARED_SELECTOR = YES;
				GCC_WARN_UNINITIALIZED_AUTOS = YES_AGGRESSIVE;
				GCC_WARN_UNUSED_FUNCTION = YES;
				GCC_WARN_UNUSED_VARIABLE = YES;
				IPHONEOS_DEPLOYMENT_TARGET = 14.3;
				MTL_ENABLE_DEBUG_INFO = NO;
				MTL_FAST_MATH = YES;
				SDKROOT = iphoneos;
				SWIFT_COMPILATION_MODE = wholemodule;
				SWIFT_OPTIMIZATION_LEVEL = "-O";
				VALIDATE_PRODUCT = YES;
			};
			name = Release;
		};
		3FD5FA8827FC394B00CD6739 /* Debug */ = {
			isa = XCBuildConfiguration;
			buildSettings = {
				ASSETCATALOG_COMPILER_APPICON_NAME = AppIcon;
				ASSETCATALOG_COMPILER_GLOBAL_ACCENT_COLOR_NAME = AccentColor;
				CODE_SIGN_STYLE = Automatic;
				INFOPLIST_FILE = MYDatabase/Info.plist;
				LD_RUNPATH_SEARCH_PATHS = (
					"$(inherited)",
					"@executable_path/Frameworks",
				);
				PRODUCT_BUNDLE_IDENTIFIER = svvv.edu.in.MYDatabase;
				PRODUCT_NAME = "$(TARGET_NAME)";
				SWIFT_VERSION = 5.0;
				TARGETED_DEVICE_FAMILY = "1,2";
			};
			name = Debug;
		};
		3FD5FA8927FC394B00CD6739 /* Release */ = {
			isa = XCBuildConfiguration;
			buildSettings = {
				ASSETCATALOG_COMPILER_APPICON_NAME = AppIcon;
				ASSETCATALOG_COMPILER_GLOBAL_ACCENT_COLOR_NAME = AccentColor;
				CODE_SIGN_STYLE = Automatic;
				INFOPLIST_FILE = MYDatabase/Info.plist;
				LD_RUNPATH_SEARCH_PATHS = (
					"$(inherited)",
					"@executable_path/Frameworks",
				);
				PRODUCT_BUNDLE_IDENTIFIER = svvv.edu.in.MYDatabase;
				PRODUCT_NAME = "$(TARGET_NAME)";
				SWIFT_VERSION = 5.0;
				TARGETED_DEVICE_FAMILY = "1,2";
			};
			name = Release;
		};
		3FD5FA8B27FC394B00CD6739 /* Debug */ = {
			isa = XCBuildConfiguration;
			buildSettings = {
				ALWAYS_EMBED_SWIFT_STANDARD_LIBRARIES = YES;
				BUNDLE_LOADER = "$(TEST_HOST)";
				CODE_SIGN_STYLE = Automatic;
				INFOPLIST_FILE = MYDatabaseTests/Info.plist;
				IPHONEOS_DEPLOYMENT_TARGET = 14.3;
				LD_RUNPATH_SEARCH_PATHS = (
					"$(inherited)",
					"@executable_path/Frameworks",
					"@loader_path/Frameworks",
				);
				PRODUCT_BUNDLE_IDENTIFIER = svvv.edu.in.MYDatabaseTests;
				PRODUCT_NAME = "$(TARGET_NAME)";
				SWIFT_VERSION = 5.0;
				TARGETED_DEVICE_FAMILY = "1,2";
				TEST_HOST = "$(BUILT_PRODUCTS_DIR)/MYDatabase.app/MYDatabase";
			};
			name = Debug;
		};
		3FD5FA8C27FC394B00CD6739 /* Release */ = {
			isa = XCBuildConfiguration;
			buildSettings = {
				ALWAYS_EMBED_SWIFT_STANDARD_LIBRARIES = YES;
				BUNDLE_LOADER = "$(TEST_HOST)";
				CODE_SIGN_STYLE = Automatic;
				INFOPLIST_FILE = MYDatabaseTests/Info.plist;
				IPHONEOS_DEPLOYMENT_TARGET = 14.3;
				LD_RUNPATH_SEARCH_PATHS = (
					"$(inherited)",
					"@executable_path/Frameworks",
					"@loader_path/Frameworks",
				);
				PRODUCT_BUNDLE_IDENTIFIER = svvv.edu.in.MYDatabaseTests;
				PRODUCT_NAME = "$(TARGET_NAME)";
				SWIFT_VERSION = 5.0;
				TARGETED_DEVICE_FAMILY = "1,2";
				TEST_HOST = "$(BUILT_PRODUCTS_DIR)/MYDatabase.app/MYDatabase";
			};
			name = Release;
		};
		3FD5FA8E27FC394B00CD6739 /* Debug */ = {
			isa = XCBuildConfiguration;
			buildSettings = {
				ALWAYS_EMBED_SWIFT_STANDARD_LIBRARIES = YES;
				CODE_SIGN_STYLE = Automatic;
				INFOPLIST_FILE = MYDatabaseUITests/Info.plist;
				LD_RUNPATH_SEARCH_PATHS = (
					"$(inherited)",
					"@executable_path/Frameworks",
					"@loader_path/Frameworks",
				);
				PRODUCT_BUNDLE_IDENTIFIER = svvv.edu.in.MYDatabaseUITests;
				PRODUCT_NAME = "$(TARGET_NAME)";
				SWIFT_VERSION = 5.0;
				TARGETED_DEVICE_FAMILY = "1,2";
				TEST_TARGET_NAME = MYDatabase;
			};
			name = Debug;
		};
		3FD5FA8F27FC394B00CD6739 /* Release */ = {
			isa = XCBuildConfiguration;
			buildSettings = {
				ALWAYS_EMBED_SWIFT_STANDARD_LIBRARIES = YES;
				CODE_SIGN_STYLE = Automatic;
				INFOPLIST_FILE = MYDatabaseUITests/Info.plist;
				LD_RUNPATH_SEARCH_PATHS = (
					"$(inherited)",
					"@executable_path/Frameworks",
					"@loader_path/Frameworks",
				);
				PRODUCT_BUNDLE_IDENTIFIER = svvv.edu.in.MYDatabaseUITests;
				PRODUCT_NAME = "$(TARGET_NAME)";
				SWIFT_VERSION = 5.0;
				TARGETED_DEVICE_FAMILY = "1,2";
				TEST_TARGET_NAME = MYDatabase;
			};
			name = Release;
		};
/* End XCBuildConfiguration section */

/* Begin XCConfigurationList section */
		3FD5FA5827FC391B00CD6739 /* Build configuration list for PBXProject "MYDatabase" */ = {
			isa = XCConfigurationList;
			buildConfigurations = (
				3FD5FA8527FC394B00CD6739 /* Debug */,
				3FD5FA8627FC394B00CD6739 /* Release */,
			);
			defaultConfigurationIsVisible = 0;
			defaultConfigurationName = Release;
		};
		3FD5FA8727FC394B00CD6739 /* Build configuration list for PBXNativeTarget "MYDatabase" */ = {
			isa = XCConfigurationList;
			buildConfigurations = (
				3FD5FA8827FC394B00CD6739 /* Debug */,
				3FD5FA8927FC394B00CD6739 /* Release */,
			);
			defaultConfigurationIsVisible = 0;
			defaultConfigurationName = Release;
		};
		3FD5FA8A27FC394B00CD6739 /* Build configuration list for PBXNativeTarget "MYDatabaseTests" */ = {
			isa = XCConfigurationList;
			buildConfigurations = (
				3FD5FA8B27FC394B00CD6739 /* Debug */,
				3FD5FA8C27FC394B00CD6739 /* Release */,
			);
			defaultConfigurationIsVisible = 0;
			defaultConfigurationName = Release;
		};
		3FD5FA8D27FC394B00CD6739 /* Build configuration list for PBXNativeTarget "MYDatabaseUITests" */ = {
			isa = XCConfigurationList;
			buildConfigurations = (
				3FD5FA8E27FC394B00CD6739 /* Debug */,
				3FD5FA8F27FC394B00CD6739 /* Release */,
			);
			defaultConfigurationIsVisible = 0;
			defaultConfigurationName = Release;
		};
/* End XCConfigurationList section */
	};
	rootObject = 3FD5FA5527FC391B00CD6739 /* Project object */;
}
